{
    "_readme": [
        "This file locks the dependencies of your project to a known state",
        "Read more about it at https://getcomposer.org/doc/01-basic-usage.md#composer-lock-the-lock-file",
        "This file is @generated automatically"
    ],
    "hash": "3a6dcc987610929e0da9cb75f6c7b4d5",
    "content-hash": "c0f70987c50c9d2cb07e21b6b75c41ad",
    "packages": [
        {
            "name": "anax/mvc",
            "version": "dev-master",
            "source": {
                "type": "git",
                "url": "https://github.com/mosbth/Anax-MVC.git",
                "reference": "09477e3185521d5aa4bb22a1f2cb6f294c617aaf"
            },
            "dist": {
                "type": "zip",
                "url": "https://api.github.com/repos/mosbth/Anax-MVC/zipball/09477e3185521d5aa4bb22a1f2cb6f294c617aaf",
                "reference": "09477e3185521d5aa4bb22a1f2cb6f294c617aaf",
                "shasum": ""
            },
            "require": {
                "mos/cform": "2.x-dev",
                "mos/ctextfilter": "dev-master",
                "php": ">=5.4"
            },
            "type": "library",
            "autoload": {
                "psr-4": {
                    "Anax\\": "src/"
                }
            },
            "notification-url": "https://packagist.org/downloads/",
            "license": [
                "MIT"
            ],
            "authors": [
                {
                    "name": "Mikael Roos",
                    "email": "me@mikaelroos.se",
                    "homepage": "http://mikaelroos.se",
                    "role": "Developer"
                }
            ],
            "description": "Webtemplate to create websites",
            "homepage": "http://dbwebb.se",
            "keywords": [
                "boilerplate",
                "education",
                "framework",
                "micro",
                "mvc"
            ],
            "time": "2016-03-08 16:01:06"
        },
        {
            "name": "ezyang/htmlpurifier",
            "version": "v4.7.0",
            "source": {
                "type": "git",
                "url": "https://github.com/ezyang/htmlpurifier.git",
                "reference": "ae1828d955112356f7677c465f94f7deb7d27a40"
            },
            "dist": {
                "type": "zip",
                "url": "https://api.github.com/repos/ezyang/htmlpurifier/zipball/ae1828d955112356f7677c465f94f7deb7d27a40",
                "reference": "ae1828d955112356f7677c465f94f7deb7d27a40",
                "shasum": ""
            },
            "require": {
                "php": ">=5.2"
            },
            "type": "library",
            "autoload": {
                "psr-0": {
                    "HTMLPurifier": "library/"
                },
                "files": [
                    "library/HTMLPurifier.composer.php"
                ]
            },
            "notification-url": "https://packagist.org/downloads/",
            "license": [
                "LGPL"
            ],
            "authors": [
                {
                    "name": "Edward Z. Yang",
                    "email": "admin@htmlpurifier.org",
                    "homepage": "http://ezyang.com"
                }
            ],
            "description": "Standards compliant HTML filter written in PHP",
            "homepage": "http://htmlpurifier.org/",
            "keywords": [
                "html"
            ],
            "time": "2015-08-05 01:03:42"
        },
        {
            "name": "geshi/geshi",
            "version": "dev-master",
            "source": {
                "type": "git",
                "url": "https://github.com/GeSHi/geshi-1.0.git",
                "reference": "ac5c9c1f26eba2e6d0a9e374dc3d8316b586cdcc"
            },
            "dist": {
                "type": "zip",
                "url": "https://api.github.com/repos/GeSHi/geshi-1.0/zipball/ac5c9c1f26eba2e6d0a9e374dc3d8316b586cdcc",
                "reference": "ac5c9c1f26eba2e6d0a9e374dc3d8316b586cdcc",
                "shasum": ""
            },
            "type": "library",
            "autoload": {
                "classmap": [
                    "src/geshi/",
                    "src/geshi.php"
                ]
            },
            "notification-url": "https://packagist.org/downloads/",
            "license": [
                "GPL-2.0+"
            ],
            "authors": [
                {
                    "name": "Benny Baumann",
                    "email": "BenBE@geshi.org",
                    "homepage": "http://blog.benny-baumann.de/",
                    "role": "Developer"
                }
            ],
            "description": "Generic Syntax Highlighter",
            "homepage": "http://qbnz.com/highlighter/",
            "time": "2016-02-01 23:14:34"
        },
        {
            "name": "michelf/php-markdown",
            "version": "1.5.0",
            "source": {
                "type": "git",
                "url": "https://github.com/michelf/php-markdown.git",
                "reference": "e1aabe18173231ebcefc90e615565742fc1c7fd9"
            },
            "dist": {
                "type": "zip",
                "url": "https://api.github.com/repos/michelf/php-markdown/zipball/e1aabe18173231ebcefc90e615565742fc1c7fd9",
                "reference": "e1aabe18173231ebcefc90e615565742fc1c7fd9",
                "shasum": ""
            },
            "require": {
                "php": ">=5.3.0"
            },
            "type": "library",
            "extra": {
                "branch-alias": {
                    "dev-lib": "1.4.x-dev"
                }
            },
            "autoload": {
                "psr-0": {
                    "Michelf": ""
                }
            },
            "notification-url": "https://packagist.org/downloads/",
            "license": [
                "BSD-3-Clause"
            ],
            "authors": [
                {
                    "name": "John Gruber",
                    "homepage": "http://daringfireball.net/"
                },
                {
                    "name": "Michel Fortin",
                    "email": "michel.fortin@michelf.ca",
                    "homepage": "https://michelf.ca/",
                    "role": "Developer"
                }
            ],
            "description": "PHP Markdown",
            "homepage": "https://michelf.ca/projects/php-markdown/",
            "keywords": [
                "markdown"
            ],
            "time": "2015-03-01 12:03:08"
        },
        {
            "name": "mos/cdatabase",
            "version": "v0.1.1",
            "source": {
                "type": "git",
                "url": "https://github.com/mosbth/cdatabase.git",
                "reference": "bbe525520457d5f115aa4b0784f9fe6f2731b3ad"
            },
            "dist": {
                "type": "zip",
                "url": "https://api.github.com/repos/mosbth/cdatabase/zipball/bbe525520457d5f115aa4b0784f9fe6f2731b3ad",
                "reference": "bbe525520457d5f115aa4b0784f9fe6f2731b3ad",
                "shasum": ""
            },
            "require": {
                "php": ">=5.4"
            },
            "type": "library",
            "autoload": {
                "psr-4": {
                    "Mos\\": "src/"
                }
            },
            "notification-url": "https://packagist.org/downloads/",
            "license": [
                "MIT"
            ],
            "authors": [
                {
                    "name": "Mikael Roos",
                    "email": "me@mikaelroos.se",
                    "homepage": "http://mikaelroos.se",
                    "role": "Developer"
                }
            ],
            "description": "PHP classes for database handling upon PDO",
            "homepage": "http://dbwebb.se",
            "keywords": [
                "education",
                "framework",
                "micro",
                "module",
                "mvc"
            ],
            "time": "2015-09-17 13:03:38"
        },
        {
            "name": "mos/cform",
            "version": "2.x-dev",
            "source": {
                "type": "git",
                "url": "https://github.com/mosbth/cform.git",
                "reference": "0427e0011b97a2ab10c4c7a1cb0a2dbdfa83e727"
            },
            "dist": {
                "type": "zip",
                "url": "https://api.github.com/repos/mosbth/cform/zipball/0427e0011b97a2ab10c4c7a1cb0a2dbdfa83e727",
                "reference": "0427e0011b97a2ab10c4c7a1cb0a2dbdfa83e727",
                "shasum": ""
            },
            "require": {
                "php": ">=5.4"
            },
            "type": "library",
            "autoload": {
                "psr-4": {
                    "Mos\\": "src/"
                }
            },
            "notification-url": "https://packagist.org/downloads/",
            "license": [
                "MIT"
            ],
            "authors": [
                {
                    "name": "Mikael Roos",
                    "email": "me@mikaelroos.se",
                    "homepage": "http://mikaelroos.se",
                    "role": "Developer"
                }
            ],
            "description": "Classes for HTML Forms",
            "homepage": "http://dbwebb.se/",
            "keywords": [
                "Forms",
                "education",
                "html"
            ],
            "time": "2016-01-15 11:53:19"
        },
        {
            "name": "mos/ctextfilter",
            "version": "dev-master",
            "source": {
                "type": "git",
                "url": "https://github.com/mosbth/ctextfilter.git",
                "reference": "cbc6784ebabeb97de688a20597a8f8e172a530a6"
            },
            "dist": {
                "type": "zip",
                "url": "https://api.github.com/repos/mosbth/ctextfilter/zipball/cbc6784ebabeb97de688a20597a8f8e172a530a6",
                "reference": "cbc6784ebabeb97de688a20597a8f8e172a530a6",
                "shasum": ""
            },
            "require": {
                "ext-json": "*",
                "ezyang/htmlpurifier": "4.*",
                "geshi/geshi": "dev-master as 1.0.x-dev",
                "michelf/php-markdown": "1.5.*",
                "php": ">=5.4"
            },
            "suggest": {
                "ext-yaml": "*"
            },
            "type": "library",
            "autoload": {
                "psr-4": {
                    "Mos\\TextFilter\\": "src/TextFilter"
                }
            },
            "notification-url": "https://packagist.org/downloads/",
            "license": [
                "MIT"
            ],
            "authors": [
                {
                    "name": "Mikael Roos",
                    "email": "mos@dbwebb.se",
                    "homepage": "http://mikaelroos.se",
                    "role": "Developer"
                }
            ],
            "description": "PHP classes for text filtering and formatting to HTML",
            "homepage": "http://dbwebb.se",
            "keywords": [
                "Html Purifier",
                "YAML front matter",
                "bbcode",
                "education",
                "json front matter",
                "markdown",
                "shortcode"
            ],
            "time": "2016-03-12 15:08:05"
        }
    ],
    "packages-dev": [],
    "aliases": [],
    "minimum-stability": "dev",
    "stability-flags": {
        "anax/mvc": 20,
        "mos/cform": 20
    },
    "prefer-stable": false,
    "prefer-lowest": false,
    "platform": {
        "php": ">=5.4"
    },
    "platform-dev": []
}
